
Microsoft Visual Studio Solution File, Format Version 12.00
# Visual Studio Version 17
VisualStudioVersion = 17.4.33103.184
MinimumVisualStudioVersion = 10.0.40219.1
Project("{FAE04EC0-301F-11D3-BF4B-00C04F79EFBC}") = "Homework12", "Homework12\Homework12.csproj", "{53A71EC5-5F00-4756-B289-28A68EFEEC8E}"
EndProject
Global
	GlobalSection(SolutionConfigurationPlatforms) = preSolution
		Debug|Any CPU = Debug|Any CPU
		Release|Any CPU = Release|Any CPU
	EndGlobalSection
	GlobalSection(ProjectConfigurationPlatforms) = postSolution
		{53A71EC5-5F00-4756-B289-28A68EFEEC8E}.Debug|Any CPU.ActiveCfg = Debug|Any CPU
		{53A71EC5-5F00-4756-B289-28A68EFEEC8E}.Debug|Any CPU.Build.0 = Debug|Any CPU
		{53A71EC5-5F00-4756-B289-28A68EFEEC8E}.Release|Any CPU.ActiveCfg = Release|Any CPU
		{53A71EC5-5F00-4756-B289-28A68EFEEC8E}.Release|Any CPU.Build.0 = Release|Any CPU
	EndGlobalSection
	GlobalSection(SolutionProperties) = preSolution
		HideSolutionNode = FALSE
	EndGlobalSection
	GlobalSection(ExtensibilityGlobals) = postSolution
		SolutionGuid = {7EB57137-3AD4-4A49-B78C-04E7AB23D6CB}
	EndGlobalSection
EndGlobal
